<?xml version="1.0" encoding="UTF-8"?>
<Scheme
   LastUpgradeVersion = "0600"
   version = "1.3">
   <BuildAction
      parallelizeBuildables = "YES"
      buildImplicitDependencies = "YES">
      <BuildActionEntries>
         <BuildActionEntry
            buildForTesting = "YES"
            buildForRunning = "YES"
            buildForProfiling = "YES"
            buildForArchiving = "YES"
            buildForAnalyzing = "YES">
            <BuildableReference
               BuildableIdentifier = "primary"
               BlueprintIdentifier = "E4B69B5A0A3A1756003C02F2"
               BuildableName = "A&#x302;a&#x301;&#x222b;A&#x302;a&#x308;o&#x303;&#x201e;E&#x301;U&#x308;&#x201e;C&#x327;&#xd8;&#x201e;E&#x301;a&#x303;&#x201e;E&#x301;E&#x301;&#x201e;C&#x327;&#xd8;E&#x300;o&#x303;U&#x308;4.app"
               BlueprintName = "&#xc2;&#xe1;&#x222b;&#xc2;&#xe4;&#xf5;&#x201e;&#xc9;&#xdc;&#x201e;&#xc7;&#xd8;&#x201e;&#xc9;&#xe3;&#x201e;&#xc9;&#xc9;&#x201e;&#xc7;&#xd8;&#xc8;&#xf5;&#xdc;4"
               ReferencedContainer = "container:&#x51fa;&#x529b;&#x30c6;&#x30af;&#x30cb;&#x30c3;&#x30af;&#x96c6;4.xcodeproj">
            </BuildableReference>
         </BuildActionEntry>
      </BuildActionEntries>
   </BuildAction>
   <TestAction
      buildConfiguration = "Release"
      selectedDebuggerIdentifier = "Xcode.DebuggerFoundation.Debugger.LLDB"
      selectedLauncherIdentifier = "Xcode.DebuggerFoundation.Launcher.LLDB"
      language = ""
      shouldUseLaunchSchemeArgsEnv = "YES">
      <Testables>
      </Testables>
      <MacroExpansion>
         <BuildableReference
            BuildableIdentifier = "primary"
            BlueprintIdentifier = "E4B69B5A0A3A1756003C02F2"
            BuildableName = "A&#x302;a&#x301;&#x222b;A&#x302;a&#x308;o&#x303;&#x201e;E&#x301;U&#x308;&#x201e;C&#x327;&#xd8;&#x201e;E&#x301;a&#x303;&#x201e;E&#x301;E&#x301;&#x201e;C&#x327;&#xd8;E&#x300;o&#x303;U&#x308;4.app"
            BlueprintName = "&#xc2;&#xe1;&#x222b;&#xc2;&#xe4;&#xf5;&#x201e;&#xc9;&#xdc;&#x201e;&#xc7;&#xd8;&#x201e;&#xc9;&#xe3;&#x201e;&#xc9;&#xc9;&#x201e;&#xc7;&#xd8;&#xc8;&#xf5;&#xdc;4"
            ReferencedContainer = "container:&#x51fa;&#x529b;&#x30c6;&#x30af;&#x30cb;&#x30c3;&#x30af;&#x96c6;4.xcodeproj">
         </BuildableReference>
      </MacroExpansion>
      <AdditionalOptions>
      </AdditionalOptions>
   </TestAction>
   <LaunchAction
      buildConfiguration = "Release"
      selectedDebuggerIdentifier = "Xcode.DebuggerFoundation.Debugger.LLDB"
      selectedLauncherIdentifier = "Xcode.DebuggerFoundation.Launcher.LLDB"
      language = ""
      launchStyle = "0"
      useCustomWorkingDirectory = "NO"
      ignoresPersistentStateOnLaunch = "NO"
      debugDocumentVersioning = "YES"
      debugServiceExtension = "internal"
      allowLocationSimulation = "YES">
      <BuildableProductRunnable
         runnableDebuggingMode = "0">
         <BuildableReference
            BuildableIdentifier = "primary"
            BlueprintIdentifier = "E4B69B5A0A3A1756003C02F2"
            BuildableName = "A&#x302;a&#x301;&#x222b;A&#x302;a&#x308;o&#x303;&#x201e;E&#x301;U&#x308;&#x201e;C&#x327;&#xd8;&#x201e;E&#x301;a&#x303;&#x201e;E&#x301;E&#x301;&#x201e;C&#x327;&#xd8;E&#x300;o&#x303;U&#x308;4.app"
            BlueprintName = "&#xc2;&#xe1;&#x222b;&#xc2;&#xe4;&#xf5;&#x201e;&#xc9;&#xdc;&#x201e;&#xc7;&#xd8;&#x201e;&#xc9;&#xe3;&#x201e;&#xc9;&#xc9;&#x201e;&#xc7;&#xd8;&#xc8;&#xf5;&#xdc;4"
            ReferencedContainer = "container:&#x51fa;&#x529b;&#x30c6;&#x30af;&#x30cb;&#x30c3;&#x30af;&#x96c6;4.xcodeproj">
         </BuildableReference>
      </BuildableProductRunnable>
      <AdditionalOptions>
      </AdditionalOptions>
   </LaunchAction>
   <ProfileAction
      buildConfiguration = "Release"
      shouldUseLaunchSchemeArgsEnv = "YES"
      savedToolIdentifier = ""
      useCustomWorkingDirectory = "NO"
      debugDocumentVersioning = "YES">
      <BuildableProductRunnable
         runnableDebuggingMode = "0">
         <BuildableReference
            BuildableIdentifier = "primary"
            BlueprintIdentifier = "E4B69B5A0A3A1756003C02F2"
            BuildableName = "A&#x302;a&#x301;&#x222b;A&#x302;a&#x308;o&#x303;&#x201e;E&#x301;U&#x308;&#x201e;C&#x327;&#xd8;&#x201e;E&#x301;a&#x303;&#x201e;E&#x301;E&#x301;&#x201e;C&#x327;&#xd8;E&#x300;o&#x303;U&#x308;4.app"
            BlueprintName = "&#xc2;&#xe1;&#x222b;&#xc2;&#xe4;&#xf5;&#x201e;&#xc9;&#xdc;&#x201e;&#xc7;&#xd8;&#x201e;&#xc9;&#xe3;&#x201e;&#xc9;&#xc9;&#x201e;&#xc7;&#xd8;&#xc8;&#xf5;&#xdc;4"
            ReferencedContainer = "container:&#x51fa;&#x529b;&#x30c6;&#x30af;&#x30cb;&#x30c3;&#x30af;&#x96c6;4.xcodeproj">
         </BuildableReference>
      </BuildableProductRunnable>
   </ProfileAction>
   <AnalyzeAction
      buildConfiguration = "Release">
   </AnalyzeAction>
   <ArchiveAction
      buildConfiguration = "Release"
      revealArchiveInOrganizer = "YES">
   </ArchiveAction>
</Scheme>
